
Microsoft Visual Studio Solution File, Format Version 12.00
# Visual Studio Version 17
VisualStudioVersion = 17.0.32126.317
MinimumVisualStudioVersion = 10.0.40219.1
Project("{9A19103F-16F7-4668-BE54-9A1E7A4F7556}") = "JitaRunBot", "JitaRunBot\JitaRunBot.csproj", "{3BCE2597-834F-464C-920E-96B3FDF64AD4}"
EndProject
Project("{9A19103F-16F7-4668-BE54-9A1E7A4F7556}") = "discord-webhook-client", "discord-webhook-client-3.1.0\discord-webhook-client\discord-webhook-client.csproj", "{D5C486B1-6E7C-4EC4-BBBF-B12A2A223FFB}"
EndProject
Global
	GlobalSection(SolutionConfigurationPlatforms) = preSolution
		Debug|Any CPU = Debug|Any CPU
		Debug|ARM = Debug|ARM
		Debug|ARM64 = Debug|ARM64
		Debug|x64 = Debug|x64
		Debug|x86 = Debug|x86
		DebugDN|Any CPU = DebugDN|Any CPU
		DebugDN|ARM = DebugDN|ARM
		DebugDN|ARM64 = DebugDN|ARM64
		DebugDN|x64 = DebugDN|x64
		DebugDN|x86 = DebugDN|x86
		DebugDNF|Any CPU = DebugDNF|Any CPU
		DebugDNF|ARM = DebugDNF|ARM
		DebugDNF|ARM64 = DebugDNF|ARM64
		DebugDNF|x64 = DebugDNF|x64
		DebugDNF|x86 = DebugDNF|x86
		DebugDotNetFramework|Any CPU = DebugDotNetFramework|Any CPU
		DebugDotNetFramework|ARM = DebugDotNetFramework|ARM
		DebugDotNetFramework|ARM64 = DebugDotNetFramework|ARM64
		DebugDotNetFramework|x64 = DebugDotNetFramework|x64
		DebugDotNetFramework|x86 = DebugDotNetFramework|x86
		DebugFULL|Any CPU = DebugFULL|Any CPU
		DebugFULL|ARM = DebugFULL|ARM
		DebugFULL|ARM64 = DebugFULL|ARM64
		DebugFULL|x64 = DebugFULL|x64
		DebugFULL|x86 = DebugFULL|x86
		Release|Any CPU = Release|Any CPU
		Release|ARM = Release|ARM
		Release|ARM64 = Release|ARM64
		Release|x64 = Release|x64
		Release|x86 = Release|x86
	EndGlobalSection
	GlobalSection(ProjectConfigurationPlatforms) = postSolution
		{3BCE2597-834F-464C-920E-96B3FDF64AD4}.Debug|Any CPU.ActiveCfg = Debug|Any CPU
		{3BCE2597-834F-464C-920E-96B3FDF64AD4}.Debug|Any CPU.Build.0 = Debug|Any CPU
		{3BCE2597-834F-464C-920E-96B3FDF64AD4}.Debug|ARM.ActiveCfg = Debug|Any CPU
		{3BCE2597-834F-464C-920E-96B3FDF64AD4}.Debug|ARM.Build.0 = Debug|Any CPU
		{3BCE2597-834F-464C-920E-96B3FDF64AD4}.Debug|ARM64.ActiveCfg = Debug|Any CPU
		{3BCE2597-834F-464C-920E-96B3FDF64AD4}.Debug|ARM64.Build.0 = Debug|Any CPU
		{3BCE2597-834F-464C-920E-96B3FDF64AD4}.Debug|x64.ActiveCfg = Debug|Any CPU
		{3BCE2597-834F-464C-920E-96B3FDF64AD4}.Debug|x64.Build.0 = Debug|Any CPU
		{3BCE2597-834F-464C-920E-96B3FDF64AD4}.Debug|x86.ActiveCfg = Debug|Any CPU
		{3BCE2597-834F-464C-920E-96B3FDF64AD4}.Debug|x86.Build.0 = Debug|Any CPU
		{3BCE2597-834F-464C-920E-96B3FDF64AD4}.DebugDN|Any CPU.ActiveCfg = Debug|Any CPU
		{3BCE2597-834F-464C-920E-96B3FDF64AD4}.DebugDN|Any CPU.Build.0 = Debug|Any CPU
		{3BCE2597-834F-464C-920E-96B3FDF64AD4}.DebugDN|ARM.ActiveCfg = Debug|Any CPU
		{3BCE2597-834F-464C-920E-96B3FDF64AD4}.DebugDN|ARM.Build.0 = Debug|Any CPU
		{3BCE2597-834F-464C-920E-96B3FDF64AD4}.DebugDN|ARM64.ActiveCfg = Debug|Any CPU
		{3BCE2597-834F-464C-920E-96B3FDF64AD4}.DebugDN|ARM64.Build.0 = Debug|Any CPU
		{3BCE2597-834F-464C-920E-96B3FDF64AD4}.DebugDN|x64.ActiveCfg = Debug|Any CPU
		{3BCE2597-834F-464C-920E-96B3FDF64AD4}.DebugDN|x64.Build.0 = Debug|Any CPU
		{3BCE2597-834F-464C-920E-96B3FDF64AD4}.DebugDN|x86.ActiveCfg = Debug|Any CPU
		{3BCE2597-834F-464C-920E-96B3FDF64AD4}.DebugDN|x86.Build.0 = Debug|Any CPU
		{3BCE2597-834F-464C-920E-96B3FDF64AD4}.DebugDNF|Any CPU.ActiveCfg = Debug|Any CPU
		{3BCE2597-834F-464C-920E-96B3FDF64AD4}.DebugDNF|Any CPU.Build.0 = Debug|Any CPU
		{3BCE2597-834F-464C-920E-96B3FDF64AD4}.DebugDNF|ARM.ActiveCfg = Debug|Any CPU
		{3BCE2597-834F-464C-920E-96B3FDF64AD4}.DebugDNF|ARM.Build.0 = Debug|Any CPU
		{3BCE2597-834F-464C-920E-96B3FDF64AD4}.DebugDNF|ARM64.ActiveCfg = Debug|Any CPU
		{3BCE2597-834F-464C-920E-96B3FDF64AD4}.DebugDNF|ARM64.Build.0 = Debug|Any CPU
		{3BCE2597-834F-464C-920E-96B3FDF64AD4}.DebugDNF|x64.ActiveCfg = Debug|Any CPU
		{3BCE2597-834F-464C-920E-96B3FDF64AD4}.DebugDNF|x64.Build.0 = Debug|Any CPU
		{3BCE2597-834F-464C-920E-96B3FDF64AD4}.DebugDNF|x86.ActiveCfg = Debug|Any CPU
		{3BCE2597-834F-464C-920E-96B3FDF64AD4}.DebugDNF|x86.Build.0 = Debug|Any CPU
		{3BCE2597-834F-464C-920E-96B3FDF64AD4}.DebugDotNetFramework|Any CPU.ActiveCfg = Debug|Any CPU
		{3BCE2597-834F-464C-920E-96B3FDF64AD4}.DebugDotNetFramework|Any CPU.Build.0 = Debug|Any CPU
		{3BCE2597-834F-464C-920E-96B3FDF64AD4}.DebugDotNetFramework|ARM.ActiveCfg = Debug|Any CPU
		{3BCE2597-834F-464C-920E-96B3FDF64AD4}.DebugDotNetFramework|ARM.Build.0 = Debug|Any CPU
		{3BCE2597-834F-464C-920E-96B3FDF64AD4}.DebugDotNetFramework|ARM64.ActiveCfg = Debug|Any CPU
		{3BCE2597-834F-464C-920E-96B3FDF64AD4}.DebugDotNetFramework|ARM64.Build.0 = Debug|Any CPU
		{3BCE2597-834F-464C-920E-96B3FDF64AD4}.DebugDotNetFramework|x64.ActiveCfg = Debug|Any CPU
		{3BCE2597-834F-464C-920E-96B3FDF64AD4}.DebugDotNetFramework|x64.Build.0 = Debug|Any CPU
		{3BCE2597-834F-464C-920E-96B3FDF64AD4}.DebugDotNetFramework|x86.ActiveCfg = Debug|Any CPU
		{3BCE2597-834F-464C-920E-96B3FDF64AD4}.DebugDotNetFramework|x86.Build.0 = Debug|Any CPU
		{3BCE2597-834F-464C-920E-96B3FDF64AD4}.DebugFULL|Any CPU.ActiveCfg = Debug|Any CPU
		{3BCE2597-834F-464C-920E-96B3FDF64AD4}.DebugFULL|Any CPU.Build.0 = Debug|Any CPU
		{3BCE2597-834F-464C-920E-96B3FDF64AD4}.DebugFULL|ARM.ActiveCfg = Debug|Any CPU
		{3BCE2597-834F-464C-920E-96B3FDF64AD4}.DebugFULL|ARM.Build.0 = Debug|Any CPU
		{3BCE2597-834F-464C-920E-96B3FDF64AD4}.DebugFULL|ARM64.ActiveCfg = Debug|Any CPU
		{3BCE2597-834F-464C-920E-96B3FDF64AD4}.DebugFULL|ARM64.Build.0 = Debug|Any CPU
		{3BCE2597-834F-464C-920E-96B3FDF64AD4}.DebugFULL|x64.ActiveCfg = Debug|Any CPU
		{3BCE2597-834F-464C-920E-96B3FDF64AD4}.DebugFULL|x64.Build.0 = Debug|Any CPU
		{3BCE2597-834F-464C-920E-96B3FDF64AD4}.DebugFULL|x86.ActiveCfg = Debug|Any CPU
		{3BCE2597-834F-464C-920E-96B3FDF64AD4}.DebugFULL|x86.Build.0 = Debug|Any CPU
		{3BCE2597-834F-464C-920E-96B3FDF64AD4}.Release|Any CPU.ActiveCfg = Release|Any CPU
		{3BCE2597-834F-464C-920E-96B3FDF64AD4}.Release|Any CPU.Build.0 = Release|Any CPU
		{3BCE2597-834F-464C-920E-96B3FDF64AD4}.Release|ARM.ActiveCfg = Release|Any CPU
		{3BCE2597-834F-464C-920E-96B3FDF64AD4}.Release|ARM.Build.0 = Release|Any CPU
		{3BCE2597-834F-464C-920E-96B3FDF64AD4}.Release|ARM64.ActiveCfg = Release|Any CPU
		{3BCE2597-834F-464C-920E-96B3FDF64AD4}.Release|ARM64.Build.0 = Release|Any CPU
		{3BCE2597-834F-464C-920E-96B3FDF64AD4}.Release|x64.ActiveCfg = Release|Any CPU
		{3BCE2597-834F-464C-920E-96B3FDF64AD4}.Release|x64.Build.0 = Release|Any CPU
		{3BCE2597-834F-464C-920E-96B3FDF64AD4}.Release|x86.ActiveCfg = Release|Any CPU
		{3BCE2597-834F-464C-920E-96B3FDF64AD4}.Release|x86.Build.0 = Release|Any CPU
		{D5C486B1-6E7C-4EC4-BBBF-B12A2A223FFB}.Debug|Any CPU.ActiveCfg = Debug|Any CPU
		{D5C486B1-6E7C-4EC4-BBBF-B12A2A223FFB}.Debug|Any CPU.Build.0 = Debug|Any CPU
		{D5C486B1-6E7C-4EC4-BBBF-B12A2A223FFB}.Debug|ARM.ActiveCfg = Debug|Any CPU
		{D5C486B1-6E7C-4EC4-BBBF-B12A2A223FFB}.Debug|ARM.Build.0 = Debug|Any CPU
		{D5C486B1-6E7C-4EC4-BBBF-B12A2A223FFB}.Debug|ARM64.ActiveCfg = Debug|Any CPU
		{D5C486B1-6E7C-4EC4-BBBF-B12A2A223FFB}.Debug|ARM64.Build.0 = Debug|Any CPU
		{D5C486B1-6E7C-4EC4-BBBF-B12A2A223FFB}.Debug|x64.ActiveCfg = Debug|Any CPU
		{D5C486B1-6E7C-4EC4-BBBF-B12A2A223FFB}.Debug|x64.Build.0 = Debug|Any CPU
		{D5C486B1-6E7C-4EC4-BBBF-B12A2A223FFB}.Debug|x86.ActiveCfg = Debug|Any CPU
		{D5C486B1-6E7C-4EC4-BBBF-B12A2A223FFB}.Debug|x86.Build.0 = Debug|Any CPU
		{D5C486B1-6E7C-4EC4-BBBF-B12A2A223FFB}.DebugDN|Any CPU.ActiveCfg = Debug|Any CPU
		{D5C486B1-6E7C-4EC4-BBBF-B12A2A223FFB}.DebugDN|Any CPU.Build.0 = Debug|Any CPU
		{D5C486B1-6E7C-4EC4-BBBF-B12A2A223FFB}.DebugDN|ARM.ActiveCfg = Debug|Any CPU
		{D5C486B1-6E7C-4EC4-BBBF-B12A2A223FFB}.DebugDN|ARM.Build.0 = Debug|Any CPU
		{D5C486B1-6E7C-4EC4-BBBF-B12A2A223FFB}.DebugDN|ARM64.ActiveCfg = Debug|Any CPU
		{D5C486B1-6E7C-4EC4-BBBF-B12A2A223FFB}.DebugDN|ARM64.Build.0 = Debug|Any CPU
		{D5C486B1-6E7C-4EC4-BBBF-B12A2A223FFB}.DebugDN|x64.ActiveCfg = Debug|Any CPU
		{D5C486B1-6E7C-4EC4-BBBF-B12A2A223FFB}.DebugDN|x64.Build.0 = Debug|Any CPU
		{D5C486B1-6E7C-4EC4-BBBF-B12A2A223FFB}.DebugDN|x86.ActiveCfg = Debug|Any CPU
		{D5C486B1-6E7C-4EC4-BBBF-B12A2A223FFB}.DebugDN|x86.Build.0 = Debug|Any CPU
		{D5C486B1-6E7C-4EC4-BBBF-B12A2A223FFB}.DebugDNF|Any CPU.ActiveCfg = Debug|Any CPU
		{D5C486B1-6E7C-4EC4-BBBF-B12A2A223FFB}.DebugDNF|Any CPU.Build.0 = Debug|Any CPU
		{D5C486B1-6E7C-4EC4-BBBF-B12A2A223FFB}.DebugDNF|ARM.ActiveCfg = Debug|Any CPU
		{D5C486B1-6E7C-4EC4-BBBF-B12A2A223FFB}.DebugDNF|ARM.Build.0 = Debug|Any CPU
		{D5C486B1-6E7C-4EC4-BBBF-B12A2A223FFB}.DebugDNF|ARM64.ActiveCfg = Debug|Any CPU
		{D5C486B1-6E7C-4EC4-BBBF-B12A2A223FFB}.DebugDNF|ARM64.Build.0 = Debug|Any CPU
		{D5C486B1-6E7C-4EC4-BBBF-B12A2A223FFB}.DebugDNF|x64.ActiveCfg = Debug|Any CPU
		{D5C486B1-6E7C-4EC4-BBBF-B12A2A223FFB}.DebugDNF|x64.Build.0 = Debug|Any CPU
		{D5C486B1-6E7C-4EC4-BBBF-B12A2A223FFB}.DebugDNF|x86.ActiveCfg = Debug|Any CPU
		{D5C486B1-6E7C-4EC4-BBBF-B12A2A223FFB}.DebugDNF|x86.Build.0 = Debug|Any CPU
		{D5C486B1-6E7C-4EC4-BBBF-B12A2A223FFB}.DebugDotNetFramework|Any CPU.ActiveCfg = Debug|Any CPU
		{D5C486B1-6E7C-4EC4-BBBF-B12A2A223FFB}.DebugDotNetFramework|Any CPU.Build.0 = Debug|Any CPU
		{D5C486B1-6E7C-4EC4-BBBF-B12A2A223FFB}.DebugDotNetFramework|ARM.ActiveCfg = Debug|Any CPU
		{D5C486B1-6E7C-4EC4-BBBF-B12A2A223FFB}.DebugDotNetFramework|ARM.Build.0 = Debug|Any CPU
		{D5C486B1-6E7C-4EC4-BBBF-B12A2A223FFB}.DebugDotNetFramework|ARM64.ActiveCfg = Debug|Any CPU
		{D5C486B1-6E7C-4EC4-BBBF-B12A2A223FFB}.DebugDotNetFramework|ARM64.Build.0 = Debug|Any CPU
		{D5C486B1-6E7C-4EC4-BBBF-B12A2A223FFB}.DebugDotNetFramework|x64.ActiveCfg = Debug|Any CPU
		{D5C486B1-6E7C-4EC4-BBBF-B12A2A223FFB}.DebugDotNetFramework|x64.Build.0 = Debug|Any CPU
		{D5C486B1-6E7C-4EC4-BBBF-B12A2A223FFB}.DebugDotNetFramework|x86.ActiveCfg = Debug|Any CPU
		{D5C486B1-6E7C-4EC4-BBBF-B12A2A223FFB}.DebugDotNetFramework|x86.Build.0 = Debug|Any CPU
		{D5C486B1-6E7C-4EC4-BBBF-B12A2A223FFB}.DebugFULL|Any CPU.ActiveCfg = Debug|Any CPU
		{D5C486B1-6E7C-4EC4-BBBF-B12A2A223FFB}.DebugFULL|Any CPU.Build.0 = Debug|Any CPU
		{D5C486B1-6E7C-4EC4-BBBF-B12A2A223FFB}.DebugFULL|ARM.ActiveCfg = Debug|Any CPU
		{D5C486B1-6E7C-4EC4-BBBF-B12A2A223FFB}.DebugFULL|ARM.Build.0 = Debug|Any CPU
		{D5C486B1-6E7C-4EC4-BBBF-B12A2A223FFB}.DebugFULL|ARM64.ActiveCfg = Debug|Any CPU
		{D5C486B1-6E7C-4EC4-BBBF-B12A2A223FFB}.DebugFULL|ARM64.Build.0 = Debug|Any CPU
		{D5C486B1-6E7C-4EC4-BBBF-B12A2A223FFB}.DebugFULL|x64.ActiveCfg = Debug|Any CPU
		{D5C486B1-6E7C-4EC4-BBBF-B12A2A223FFB}.DebugFULL|x64.Build.0 = Debug|Any CPU
		{D5C486B1-6E7C-4EC4-BBBF-B12A2A223FFB}.DebugFULL|x86.ActiveCfg = Debug|Any CPU
		{D5C486B1-6E7C-4EC4-BBBF-B12A2A223FFB}.DebugFULL|x86.Build.0 = Debug|Any CPU
		{D5C486B1-6E7C-4EC4-BBBF-B12A2A223FFB}.Release|Any CPU.ActiveCfg = Release|Any CPU
		{D5C486B1-6E7C-4EC4-BBBF-B12A2A223FFB}.Release|Any CPU.Build.0 = Release|Any CPU
		{D5C486B1-6E7C-4EC4-BBBF-B12A2A223FFB}.Release|ARM.ActiveCfg = Release|Any CPU
		{D5C486B1-6E7C-4EC4-BBBF-B12A2A223FFB}.Release|ARM.Build.0 = Release|Any CPU
		{D5C486B1-6E7C-4EC4-BBBF-B12A2A223FFB}.Release|ARM64.ActiveCfg = Release|Any CPU
		{D5C486B1-6E7C-4EC4-BBBF-B12A2A223FFB}.Release|ARM64.Build.0 = Release|Any CPU
		{D5C486B1-6E7C-4EC4-BBBF-B12A2A223FFB}.Release|x64.ActiveCfg = Release|Any CPU
		{D5C486B1-6E7C-4EC4-BBBF-B12A2A223FFB}.Release|x64.Build.0 = Release|Any CPU
		{D5C486B1-6E7C-4EC4-BBBF-B12A2A223FFB}.Release|x86.ActiveCfg = Release|Any CPU
		{D5C486B1-6E7C-4EC4-BBBF-B12A2A223FFB}.Release|x86.Build.0 = Release|Any CPU
	EndGlobalSection
	GlobalSection(SolutionProperties) = preSolution
		HideSolutionNode = FALSE
	EndGlobalSection
	GlobalSection(ExtensibilityGlobals) = postSolution
		SolutionGuid = {155A0651-C2D5-4448-92EC-72A1DCDC4E66}
	EndGlobalSection
EndGlobal
